# DO NOT EDIT MANUALLY - Managed by Fern Replay
version: "1.0"
generations:
  - commit_sha: df58b84e15269e96f895c271a54108975b0b99f7
    tree_hash: ee804c07c74574fd614883e55099d952c2a5b940
    timestamp: 2026-06-15T14:14:52.348Z
    cli_version: unknown
    generator_versions: {}
current_generation: df58b84e15269e96f895c271a54108975b0b99f7
patches: []
